// !$*UTF8*$!
{
	archiveVersion = 1;
	classes = {
	};
	objectVersion = 50;
	objects = {

/* Begin PBXBuildFile section */
		1FAEEEC82110403F0099D3FF /* main.cpp in Sources */ = {isa = PBXBuildFile; fileRef = 1FAEEEC72110403F0099D3FF /* main.cpp */; };
		1FAEEED0211040B70099D3FF /* libzmq.a in Frameworks */ = {isa = PBXBuildFile; fileRef = 1FAEEECF211040B70099D3FF /* libzmq.a */; };
		1FAEEED2211040C30099D3FF /* libczmq.a in Frameworks */ = {isa = PBXBuildFile; fileRef = 1FAEEED1211040C30099D3FF /* libczmq.a */; };
		1FAEEED5211040DB0099D3FF /* ZMQNode.cpp in Sources */ = {isa = PBXBuildFile; fileRef = 1FAEEED3211040DB0099D3FF /* ZMQNode.cpp */; };
		1FAEEED82110410F0099D3FF /* CPGMaster.cpp in Sources */ = {isa = PBXBuildFile; fileRef = 1FAEEED62110410F0099D3FF /* CPGMaster.cpp */; };
		1FAEEEDC211049D10099D3FF /* CPGGateWay.cpp in Sources */ = {isa = PBXBuildFile; fileRef = 1FAEEEDA211049D10099D3FF /* CPGGateWay.cpp */; };
		1FAEEEE621104B050099D3FF /* server.pb.cc in Sources */ = {isa = PBXBuildFile; fileRef = 1FAEEEDF21104B050099D3FF /* server.pb.cc */; };
		1FAEEEE721104B050099D3FF /* CPGProtoCodec.cpp in Sources */ = {isa = PBXBuildFile; fileRef = 1FAEEEE021104B050099D3FF /* CPGProtoCodec.cpp */; };
		1FAEEEE921104B210099D3FF /* libprotobuf.a in Frameworks */ = {isa = PBXBuildFile; fileRef = 1FAEEEE821104B210099D3FF /* libprotobuf.a */; };
		1FAEEEF1211064D30099D3FF /* ZMQReactor.cpp in Sources */ = {isa = PBXBuildFile; fileRef = 1FAEEEEF211064D30099D3FF /* ZMQReactor.cpp */; };
		1FAEEEF52112A7150099D3FF /* CPGFuncHelper.cpp in Sources */ = {isa = PBXBuildFile; fileRef = 1FAEEEF32112A7150099D3FF /* CPGFuncHelper.cpp */; };
		1FAEEEF82112E7FB0099D3FF /* CPGLoginServer.cpp in Sources */ = {isa = PBXBuildFile; fileRef = 1FAEEEF62112E7FB0099D3FF /* CPGLoginServer.cpp */; };
/* End PBXBuildFile section */

/* Begin PBXCopyFilesBuildPhase section */
		1FAEEEC22110403F0099D3FF /* CopyFiles */ = {
			isa = PBXCopyFilesBuildPhase;
			buildActionMask = 2147483647;
			dstPath = /usr/share/man/man1/;
			dstSubfolderSpec = 0;
			files = (
			);
			runOnlyForDeploymentPostprocessing = 1;
		};
/* End PBXCopyFilesBuildPhase section */

/* Begin PBXFileReference section */
		1FAEEEC42110403F0099D3FF /* ZMQNode */ = {isa = PBXFileReference; explicitFileType = "compiled.mach-o.executable"; includeInIndex = 0; path = ZMQNode; sourceTree = BUILT_PRODUCTS_DIR; };
		1FAEEEC72110403F0099D3FF /* main.cpp */ = {isa = PBXFileReference; lastKnownFileType = sourcecode.cpp.cpp; path = main.cpp; sourceTree = "<group>"; };
		1FAEEECF211040B70099D3FF /* libzmq.a */ = {isa = PBXFileReference; lastKnownFileType = archive.ar; name = libzmq.a; path = ../../../../../usr/local/lib/libzmq.a; sourceTree = "<group>"; };
		1FAEEED1211040C30099D3FF /* libczmq.a */ = {isa = PBXFileReference; lastKnownFileType = archive.ar; name = libczmq.a; path = ../../../../../usr/local/lib/libczmq.a; sourceTree = "<group>"; };
		1FAEEED3211040DB0099D3FF /* ZMQNode.cpp */ = {isa = PBXFileReference; lastKnownFileType = sourcecode.cpp.cpp; path = ZMQNode.cpp; sourceTree = "<group>"; };
		1FAEEED4211040DB0099D3FF /* ZMQNode.hpp */ = {isa = PBXFileReference; lastKnownFileType = sourcecode.cpp.h; path = ZMQNode.hpp; sourceTree = "<group>"; };
		1FAEEED62110410F0099D3FF /* CPGMaster.cpp */ = {isa = PBXFileReference; lastKnownFileType = sourcecode.cpp.cpp; path = CPGMaster.cpp; sourceTree = "<group>"; };
		1FAEEED72110410F0099D3FF /* CPGMaster.hpp */ = {isa = PBXFileReference; lastKnownFileType = sourcecode.cpp.h; path = CPGMaster.hpp; sourceTree = "<group>"; };
		1FAEEEDA211049D10099D3FF /* CPGGateWay.cpp */ = {isa = PBXFileReference; lastKnownFileType = sourcecode.cpp.cpp; path = CPGGateWay.cpp; sourceTree = "<group>"; };
		1FAEEEDB211049D10099D3FF /* CPGGateWay.hpp */ = {isa = PBXFileReference; lastKnownFileType = sourcecode.cpp.h; path = CPGGateWay.hpp; sourceTree = "<group>"; };
		1FAEEEDF21104B050099D3FF /* server.pb.cc */ = {isa = PBXFileReference; fileEncoding = 4; lastKnownFileType = sourcecode.cpp.cpp; path = server.pb.cc; sourceTree = "<group>"; };
		1FAEEEE021104B050099D3FF /* CPGProtoCodec.cpp */ = {isa = PBXFileReference; fileEncoding = 4; lastKnownFileType = sourcecode.cpp.cpp; path = CPGProtoCodec.cpp; sourceTree = "<group>"; };
		1FAEEEE221104B050099D3FF /* server.pb.h */ = {isa = PBXFileReference; fileEncoding = 4; lastKnownFileType = sourcecode.c.h; path = server.pb.h; sourceTree = "<group>"; };
		1FAEEEE321104B050099D3FF /* CPGProtoCodec.hpp */ = {isa = PBXFileReference; fileEncoding = 4; lastKnownFileType = sourcecode.cpp.h; path = CPGProtoCodec.hpp; sourceTree = "<group>"; };
		1FAEEEE421104B050099D3FF /* Packet.h */ = {isa = PBXFileReference; fileEncoding = 4; lastKnownFileType = sourcecode.c.h; path = Packet.h; sourceTree = "<group>"; };
		1FAEEEE521104B050099D3FF /* server.proto */ = {isa = PBXFileReference; fileEncoding = 4; lastKnownFileType = text; path = server.proto; sourceTree = "<group>"; };
		1FAEEEE821104B210099D3FF /* libprotobuf.a */ = {isa = PBXFileReference; lastKnownFileType = archive.ar; name = libprotobuf.a; path = ../../../../../usr/local/lib/libprotobuf.a; sourceTree = "<group>"; };
		1FAEEEEA21104C060099D3FF /* Defines.h */ = {isa = PBXFileReference; lastKnownFileType = sourcecode.c.h; path = Defines.h; sourceTree = "<group>"; };
		1FAEEEEC2110622C0099D3FF /* 屏幕快照 2018-07-31 下午5.21.26.png */ = {isa = PBXFileReference; lastKnownFileType = image.png; path = "屏幕快照 2018-07-31 下午5.21.26.png"; sourceTree = "<group>"; };
		1FAEEEED211062380099D3FF /* ZMQNode.pages */ = {isa = PBXFileReference; lastKnownFileType = file; path = ZMQNode.pages; sourceTree = "<group>"; };
		1FAEEEEF211064D30099D3FF /* ZMQReactor.cpp */ = {isa = PBXFileReference; fileEncoding = 4; lastKnownFileType = sourcecode.cpp.cpp; path = ZMQReactor.cpp; sourceTree = "<group>"; };
		1FAEEEF0211064D30099D3FF /* ZMQReactor.hpp */ = {isa = PBXFileReference; fileEncoding = 4; lastKnownFileType = sourcecode.cpp.h; path = ZMQReactor.hpp; sourceTree = "<group>"; };
		1FAEEEF32112A7150099D3FF /* CPGFuncHelper.cpp */ = {isa = PBXFileReference; lastKnownFileType = sourcecode.cpp.cpp; path = CPGFuncHelper.cpp; sourceTree = "<group>"; };
		1FAEEEF42112A7150099D3FF /* CPGFuncHelper.hpp */ = {isa = PBXFileReference; lastKnownFileType = sourcecode.cpp.h; path = CPGFuncHelper.hpp; sourceTree = "<group>"; };
		1FAEEEF62112E7FB0099D3FF /* CPGLoginServer.cpp */ = {isa = PBXFileReference; lastKnownFileType = sourcecode.cpp.cpp; path = CPGLoginServer.cpp; sourceTree = "<group>"; };
		1FAEEEF72112E7FB0099D3FF /* CPGLoginServer.hpp */ = {isa = PBXFileReference; lastKnownFileType = sourcecode.cpp.h; path = CPGLoginServer.hpp; sourceTree = "<group>"; };
/* End PBXFileReference section */

/* Begin PBXFrameworksBuildPhase section */
		1FAEEEC12110403F0099D3FF /* Frameworks */ = {
			isa = PBXFrameworksBuildPhase;
			buildActionMask = 2147483647;
			files = (
				1FAEEEE921104B210099D3FF /* libprotobuf.a in Frameworks */,
				1FAEEED0211040B70099D3FF /* libzmq.a in Frameworks */,
				1FAEEED2211040C30099D3FF /* libczmq.a in Frameworks */,
			);
			runOnlyForDeploymentPostprocessing = 0;
		};
/* End PBXFrameworksBuildPhase section */

/* Begin PBXGroup section */
		1FAEEEBB2110403F0099D3FF = {
			isa = PBXGroup;
			children = (
				1FAEEEC62110403F0099D3FF /* ZMQNode */,
				1FAEEEC52110403F0099D3FF /* Products */,
				1FAEEECE211040B70099D3FF /* Frameworks */,
			);
			sourceTree = "<group>";
		};
		1FAEEEC52110403F0099D3FF /* Products */ = {
			isa = PBXGroup;
			children = (
				1FAEEEC42110403F0099D3FF /* ZMQNode */,
			);
			name = Products;
			sourceTree = "<group>";
		};
		1FAEEEC62110403F0099D3FF /* ZMQNode */ = {
			isa = PBXGroup;
			children = (
				1FAEEEEE211064C70099D3FF /* Node */,
				1FAEEEEB211062230099D3FF /* Doc */,
				1FAEEEDE21104B050099D3FF /* proto */,
				1FAEEED9211041130099D3FF /* CPG */,
				1FAEEEC72110403F0099D3FF /* main.cpp */,
			);
			path = ZMQNode;
			sourceTree = "<group>";
		};
		1FAEEECE211040B70099D3FF /* Frameworks */ = {
			isa = PBXGroup;
			children = (
				1FAEEEE821104B210099D3FF /* libprotobuf.a */,
				1FAEEED1211040C30099D3FF /* libczmq.a */,
				1FAEEECF211040B70099D3FF /* libzmq.a */,
			);
			name = Frameworks;
			sourceTree = "<group>";
		};
		1FAEEED9211041130099D3FF /* CPG */ = {
			isa = PBXGroup;
			children = (
				1FAEEEF62112E7FB0099D3FF /* CPGLoginServer.cpp */,
				1FAEEEF72112E7FB0099D3FF /* CPGLoginServer.hpp */,
				1FAEEEDA211049D10099D3FF /* CPGGateWay.cpp */,
				1FAEEEDB211049D10099D3FF /* CPGGateWay.hpp */,
				1FAEEED62110410F0099D3FF /* CPGMaster.cpp */,
				1FAEEED72110410F0099D3FF /* CPGMaster.hpp */,
				1FAEEEEA21104C060099D3FF /* Defines.h */,
				1FAEEEF32112A7150099D3FF /* CPGFuncHelper.cpp */,
				1FAEEEF42112A7150099D3FF /* CPGFuncHelper.hpp */,
			);
			path = CPG;
			sourceTree = "<group>";
		};
		1FAEEEDE21104B050099D3FF /* proto */ = {
			isa = PBXGroup;
			children = (
				1FAEEEE421104B050099D3FF /* Packet.h */,
				1FAEEEDF21104B050099D3FF /* server.pb.cc */,
				1FAEEEE021104B050099D3FF /* CPGProtoCodec.cpp */,
				1FAEEEE221104B050099D3FF /* server.pb.h */,
				1FAEEEE321104B050099D3FF /* CPGProtoCodec.hpp */,
				1FAEEEE521104B050099D3FF /* server.proto */,
			);
			path = proto;
			sourceTree = "<group>";
		};
		1FAEEEEB211062230099D3FF /* Doc */ = {
			isa = PBXGroup;
			children = (
				1FAEEEED211062380099D3FF /* ZMQNode.pages */,
				1FAEEEEC2110622C0099D3FF /* 屏幕快照 2018-07-31 下午5.21.26.png */,
			);
			path = Doc;
			sourceTree = "<group>";
		};
		1FAEEEEE211064C70099D3FF /* Node */ = {
			isa = PBXGroup;
			children = (
				1FAEEEEF211064D30099D3FF /* ZMQReactor.cpp */,
				1FAEEEF0211064D30099D3FF /* ZMQReactor.hpp */,
				1FAEEED3211040DB0099D3FF /* ZMQNode.cpp */,
				1FAEEED4211040DB0099D3FF /* ZMQNode.hpp */,
			);
			path = Node;
			sourceTree = "<group>";
		};
/* End PBXGroup section */

/* Begin PBXNativeTarget section */
		1FAEEEC32110403F0099D3FF /* ZMQNode */ = {
			isa = PBXNativeTarget;
			buildConfigurationList = 1FAEEECB2110403F0099D3FF /* Build configuration list for PBXNativeTarget "ZMQNode" */;
			buildPhases = (
				1FAEEEC02110403F0099D3FF /* Sources */,
				1FAEEEC12110403F0099D3FF /* Frameworks */,
				1FAEEEC22110403F0099D3FF /* CopyFiles */,
			);
			buildRules = (
			);
			dependencies = (
			);
			name = ZMQNode;
			productName = ZMQNode;
			productReference = 1FAEEEC42110403F0099D3FF /* ZMQNode */;
			productType = "com.apple.product-type.tool";
		};
/* End PBXNativeTarget section */

/* Begin PBXProject section */
		1FAEEEBC2110403F0099D3FF /* Project object */ = {
			isa = PBXProject;
			attributes = {
				LastUpgradeCheck = 0940;
				ORGANIZATIONNAME = huanao;
				TargetAttributes = {
					1FAEEEC32110403F0099D3FF = {
						CreatedOnToolsVersion = 9.4;
					};
				};
			};
			buildConfigurationList = 1FAEEEBF2110403F0099D3FF /* Build configuration list for PBXProject "ZMQNode" */;
			compatibilityVersion = "Xcode 9.3";
			developmentRegion = en;
			hasScannedForEncodings = 0;
			knownRegions = (
				en,
			);
			mainGroup = 1FAEEEBB2110403F0099D3FF;
			productRefGroup = 1FAEEEC52110403F0099D3FF /* Products */;
			projectDirPath = "";
			projectRoot = "";
			targets = (
				1FAEEEC32110403F0099D3FF /* ZMQNode */,
			);
		};
/* End PBXProject section */

/* Begin PBXSourcesBuildPhase section */
		1FAEEEC02110403F0099D3FF /* Sources */ = {
			isa = PBXSourcesBuildPhase;
			buildActionMask = 2147483647;
			files = (
				1FAEEEF52112A7150099D3FF /* CPGFuncHelper.cpp in Sources */,
				1FAEEEF1211064D30099D3FF /* ZMQReactor.cpp in Sources */,
				1FAEEED5211040DB0099D3FF /* ZMQNode.cpp in Sources */,
				1FAEEEF82112E7FB0099D3FF /* CPGLoginServer.cpp in Sources */,
				1FAEEEC82110403F0099D3FF /* main.cpp in Sources */,
				1FAEEEE621104B050099D3FF /* server.pb.cc in Sources */,
				1FAEEED82110410F0099D3FF /* CPGMaster.cpp in Sources */,
				1FAEEEE721104B050099D3FF /* CPGProtoCodec.cpp in Sources */,
				1FAEEEDC211049D10099D3FF /* CPGGateWay.cpp in Sources */,
			);
			runOnlyForDeploymentPostprocessing = 0;
		};
/* End PBXSourcesBuildPhase section */

/* Begin XCBuildConfiguration section */
		1FAEEEC92110403F0099D3FF /* Debug */ = {
			isa = XCBuildConfiguration;
			buildSettings = {
				ALWAYS_SEARCH_USER_PATHS = NO;
				CLANG_ANALYZER_NONNULL = YES;
				CLANG_ANALYZER_NUMBER_OBJECT_CONVERSION = YES_AGGRESSIVE;
				CLANG_CXX_LANGUAGE_STANDARD = "gnu++14";
				CLANG_CXX_LIBRARY = "libc++";
				CLANG_ENABLE_MODULES = YES;
				CLANG_ENABLE_OBJC_ARC = YES;
				CLANG_ENABLE_OBJC_WEAK = YES;
				CLANG_WARN_BLOCK_CAPTURE_AUTORELEASING = YES;
				CLANG_WARN_BOOL_CONVERSION = YES;
				CLANG_WARN_COMMA = YES;
				CLANG_WARN_CONSTANT_CONVERSION = YES;
				CLANG_WARN_DEPRECATED_OBJC_IMPLEMENTATIONS = YES;
				CLANG_WARN_DIRECT_OBJC_ISA_USAGE = YES_ERROR;
				CLANG_WARN_DOCUMENTATION_COMMENTS = YES;
				CLANG_WARN_EMPTY_BODY = YES;
				CLANG_WARN_ENUM_CONVERSION = YES;
				CLANG_WARN_INFINITE_RECURSION = YES;
				CLANG_WARN_INT_CONVERSION = YES;
				CLANG_WARN_NON_LITERAL_NULL_CONVERSION = YES;
				CLANG_WARN_OBJC_IMPLICIT_RETAIN_SELF = YES;
				CLANG_WARN_OBJC_LITERAL_CONVERSION = YES;
				CLANG_WARN_OBJC_ROOT_CLASS = YES_ERROR;
				CLANG_WARN_RANGE_LOOP_ANALYSIS = YES;
				CLANG_WARN_STRICT_PROTOTYPES = YES;
				CLANG_WARN_SUSPICIOUS_MOVE = YES;
				CLANG_WARN_UNGUARDED_AVAILABILITY = YES_AGGRESSIVE;
				CLANG_WARN_UNREACHABLE_CODE = YES;
				CLANG_WARN__DUPLICATE_METHOD_MATCH = YES;
				CODE_SIGN_IDENTITY = "-";
				COPY_PHASE_STRIP = NO;
				DEBUG_INFORMATION_FORMAT = dwarf;
				ENABLE_STRICT_OBJC_MSGSEND = YES;
				ENABLE_TESTABILITY = YES;
				GCC_C_LANGUAGE_STANDARD = gnu11;
				GCC_DYNAMIC_NO_PIC = NO;
				GCC_NO_COMMON_BLOCKS = YES;
				GCC_OPTIMIZATION_LEVEL = 0;
				GCC_PREPROCESSOR_DEFINITIONS = (
					"DEBUG=1",
					"$(inherited)",
				);
				GCC_WARN_64_TO_32_BIT_CONVERSION = YES;
				GCC_WARN_ABOUT_RETURN_TYPE = YES_ERROR;
				GCC_WARN_UNDECLARED_SELECTOR = YES;
				GCC_WARN_UNINITIALIZED_AUTOS = YES_AGGRESSIVE;
				GCC_WARN_UNUSED_FUNCTION = YES;
				GCC_WARN_UNUSED_VARIABLE = YES;
				MACOSX_DEPLOYMENT_TARGET = 10.13;
				MTL_ENABLE_DEBUG_INFO = YES;
				ONLY_ACTIVE_ARCH = YES;
				SDKROOT = macosx;
			};
			name = Debug;
		};
		1FAEEECA2110403F0099D3FF /* Release */ = {
			isa = XCBuildConfiguration;
			buildSettings = {
				ALWAYS_SEARCH_USER_PATHS = NO;
				CLANG_ANALYZER_NONNULL = YES;
				CLANG_ANALYZER_NUMBER_OBJECT_CONVERSION = YES_AGGRESSIVE;
				CLANG_CXX_LANGUAGE_STANDARD = "gnu++14";
				CLANG_CXX_LIBRARY = "libc++";
				CLANG_ENABLE_MODULES = YES;
				CLANG_ENABLE_OBJC_ARC = YES;
				CLANG_ENABLE_OBJC_WEAK = YES;
				CLANG_WARN_BLOCK_CAPTURE_AUTORELEASING = YES;
				CLANG_WARN_BOOL_CONVERSION = YES;
				CLANG_WARN_COMMA = YES;
				CLANG_WARN_CONSTANT_CONVERSION = YES;
				CLANG_WARN_DEPRECATED_OBJC_IMPLEMENTATIONS = YES;
				CLANG_WARN_DIRECT_OBJC_ISA_USAGE = YES_ERROR;
				CLANG_WARN_DOCUMENTATION_COMMENTS = YES;
				CLANG_WARN_EMPTY_BODY = YES;
				CLANG_WARN_ENUM_CONVERSION = YES;
				CLANG_WARN_INFINITE_RECURSION = YES;
				CLANG_WARN_INT_CONVERSION = YES;
				CLANG_WARN_NON_LITERAL_NULL_CONVERSION = YES;
				CLANG_WARN_OBJC_IMPLICIT_RETAIN_SELF = YES;
				CLANG_WARN_OBJC_LITERAL_CONVERSION = YES;
				CLANG_WARN_OBJC_ROOT_CLASS = YES_ERROR;
				CLANG_WARN_RANGE_LOOP_ANALYSIS = YES;
				CLANG_WARN_STRICT_PROTOTYPES = YES;
				CLANG_WARN_SUSPICIOUS_MOVE = YES;
				CLANG_WARN_UNGUARDED_AVAILABILITY = YES_AGGRESSIVE;
				CLANG_WARN_UNREACHABLE_CODE = YES;
				CLANG_WARN__DUPLICATE_METHOD_MATCH = YES;
				CODE_SIGN_IDENTITY = "-";
				COPY_PHASE_STRIP = NO;
				DEBUG_INFORMATION_FORMAT = "dwarf-with-dsym";
				ENABLE_NS_ASSERTIONS = NO;
				ENABLE_STRICT_OBJC_MSGSEND = YES;
				GCC_C_LANGUAGE_STANDARD = gnu11;
				GCC_NO_COMMON_BLOCKS = YES;
				GCC_WARN_64_TO_32_BIT_CONVERSION = YES;
				GCC_WARN_ABOUT_RETURN_TYPE = YES_ERROR;
				GCC_WARN_UNDECLARED_SELECTOR = YES;
				GCC_WARN_UNINITIALIZED_AUTOS = YES_AGGRESSIVE;
				GCC_WARN_UNUSED_FUNCTION = YES;
				GCC_WARN_UNUSED_VARIABLE = YES;
				MACOSX_DEPLOYMENT_TARGET = 10.13;
				MTL_ENABLE_DEBUG_INFO = NO;
				SDKROOT = macosx;
			};
			name = Release;
		};
		1FAEEECC2110403F0099D3FF /* Debug */ = {
			isa = XCBuildConfiguration;
			buildSettings = {
				CODE_SIGN_STYLE = Automatic;
				HEADER_SEARCH_PATHS = /usr/local/include;
				LIBRARY_SEARCH_PATHS = /usr/local/lib;
				PRODUCT_NAME = "$(TARGET_NAME)";
			};
			name = Debug;
		};
		1FAEEECD2110403F0099D3FF /* Release */ = {
			isa = XCBuildConfiguration;
			buildSettings = {
				CODE_SIGN_STYLE = Automatic;
				HEADER_SEARCH_PATHS = /usr/local/include;
				LIBRARY_SEARCH_PATHS = /usr/local/lib;
				PRODUCT_NAME = "$(TARGET_NAME)";
			};
			name = Release;
		};
/* End XCBuildConfiguration section */

/* Begin XCConfigurationList section */
		1FAEEEBF2110403F0099D3FF /* Build configuration list for PBXProject "ZMQNode" */ = {
			isa = XCConfigurationList;
			buildConfigurations = (
				1FAEEEC92110403F0099D3FF /* Debug */,
				1FAEEECA2110403F0099D3FF /* Release */,
			);
			defaultConfigurationIsVisible = 0;
			defaultConfigurationName = Release;
		};
		1FAEEECB2110403F0099D3FF /* Build configuration list for PBXNativeTarget "ZMQNode" */ = {
			isa = XCConfigurationList;
			buildConfigurations = (
				1FAEEECC2110403F0099D3FF /* Debug */,
				1FAEEECD2110403F0099D3FF /* Release */,
			);
			defaultConfigurationIsVisible = 0;
			defaultConfigurationName = Release;
		};
/* End XCConfigurationList section */
	};
	rootObject = 1FAEEEBC2110403F0099D3FF /* Project object */;
}
